# THIS IS AN AUTOGENERATED FILE. DO NOT EDIT THIS FILE DIRECTLY.
# yarn lockfile v1


"@naturalclar/tsconfig@^0.1.0":
  version "0.1.0"
  resolved "https://registry.yarnpkg.com/@naturalclar/tsconfig/-/tsconfig-0.1.0.tgz#7632e4b1d0dfe1cd51126fd8b3355b4b6804c795"
  integrity sha512-LsQdwGaRCjX+/pf8xOtsIdJ0NWszd12TrCuOfmPLsU5tuwnn5DGodCO8offouVeouisGspC4xAhJW7Sg2QDAqA==

typescript@^3.5.3:
  version "3.6.3"
  resolved "https://registry.yarnpkg.com/typescript/-/typescript-3.6.3.tgz#fea942fabb20f7e1ca7164ff626f1a9f3f70b4da"
  integrity sha512-N7bceJL1CtRQ2RiG0AQME13ksR7DiuQh/QehubYcghzv20tnh+MQnQIuJddTmsbqYj+dztchykemz0zFzlvdQw==
